
Microsoft Visual Studio Solution File, Format Version 12.00
# Visual Studio 15
VisualStudioVersion = 15.0.27004.2009
MinimumVisualStudioVersion = 10.0.40219.1
Project("{9A19103F-16F7-4668-BE54-9A1E7A4F7556}") = "Caliel.Base64Diff.Api", "Caliel.Base64Diff.Api\Caliel.Base64Diff.Api.csproj", "{B0A9928D-E63F-42AB-9F4D-A1E4609A756D}"
EndProject
Project("{9A19103F-16F7-4668-BE54-9A1E7A4F7556}") = "Caliel.Base64Diff.Domain", "Caliel.Base64Diff.Domain\Caliel.Base64Diff.Domain.csproj", "{FD768D2C-5150-4EDA-8FEC-5497452500CC}"
EndProject
Project("{9A19103F-16F7-4668-BE54-9A1E7A4F7556}") = "Caliel.Base64Diff.Domain.Tests", "Caliel.Base64Diff.Domain.Tests\Caliel.Base64Diff.Domain.Tests.csproj", "{DED3CDF0-882B-4978-BFF2-C4111F5A778D}"
EndProject
Project("{9A19103F-16F7-4668-BE54-9A1E7A4F7556}") = "Caliel.Base64Diff.Data", "Caliel.Base64Diff.Data\Caliel.Base64Diff.Data.csproj", "{D565CCE7-FEE1-47BC-8B38-A20CDD82D5BE}"
EndProject
Project("{9A19103F-16F7-4668-BE54-9A1E7A4F7556}") = "Caliel.Base64Diff.Data.Tests", "Caliel.Base64Diff.Data.Tests\Caliel.Base64Diff.Data.Tests.csproj", "{ECB7545D-65FC-4092-BECE-C198E2F54C9F}"
EndProject
Project("{9A19103F-16F7-4668-BE54-9A1E7A4F7556}") = "Caliel.Base64Diff.Api.Tests", "Caliel.Base64Diff.Api.Tests\Caliel.Base64Diff.Api.Tests.csproj", "{5087660D-C2C5-4E9A-8736-303D8660588F}"
EndProject
Project("{9A19103F-16F7-4668-BE54-9A1E7A4F7556}") = "Caliel.Base64Diff.Tests", "Caliel.Base64Diff.Tests\Caliel.Base64Diff.Tests.csproj", "{A295F537-8E8B-4BA5-BD5D-E49C01EF54A7}"
EndProject
Global
	GlobalSection(SolutionConfigurationPlatforms) = preSolution
		Debug|Any CPU = Debug|Any CPU
		Release|Any CPU = Release|Any CPU
	EndGlobalSection
	GlobalSection(ProjectConfigurationPlatforms) = postSolution
		{B0A9928D-E63F-42AB-9F4D-A1E4609A756D}.Debug|Any CPU.ActiveCfg = Debug|Any CPU
		{B0A9928D-E63F-42AB-9F4D-A1E4609A756D}.Debug|Any CPU.Build.0 = Debug|Any CPU
		{B0A9928D-E63F-42AB-9F4D-A1E4609A756D}.Release|Any CPU.ActiveCfg = Release|Any CPU
		{B0A9928D-E63F-42AB-9F4D-A1E4609A756D}.Release|Any CPU.Build.0 = Release|Any CPU
		{FD768D2C-5150-4EDA-8FEC-5497452500CC}.Debug|Any CPU.ActiveCfg = Debug|Any CPU
		{FD768D2C-5150-4EDA-8FEC-5497452500CC}.Debug|Any CPU.Build.0 = Debug|Any CPU
		{FD768D2C-5150-4EDA-8FEC-5497452500CC}.Release|Any CPU.ActiveCfg = Release|Any CPU
		{FD768D2C-5150-4EDA-8FEC-5497452500CC}.Release|Any CPU.Build.0 = Release|Any CPU
		{DED3CDF0-882B-4978-BFF2-C4111F5A778D}.Debug|Any CPU.ActiveCfg = Debug|Any CPU
		{DED3CDF0-882B-4978-BFF2-C4111F5A778D}.Debug|Any CPU.Build.0 = Debug|Any CPU
		{DED3CDF0-882B-4978-BFF2-C4111F5A778D}.Release|Any CPU.ActiveCfg = Release|Any CPU
		{DED3CDF0-882B-4978-BFF2-C4111F5A778D}.Release|Any CPU.Build.0 = Release|Any CPU
		{D565CCE7-FEE1-47BC-8B38-A20CDD82D5BE}.Debug|Any CPU.ActiveCfg = Debug|Any CPU
		{D565CCE7-FEE1-47BC-8B38-A20CDD82D5BE}.Debug|Any CPU.Build.0 = Debug|Any CPU
		{D565CCE7-FEE1-47BC-8B38-A20CDD82D5BE}.Release|Any CPU.ActiveCfg = Release|Any CPU
		{D565CCE7-FEE1-47BC-8B38-A20CDD82D5BE}.Release|Any CPU.Build.0 = Release|Any CPU
		{ECB7545D-65FC-4092-BECE-C198E2F54C9F}.Debug|Any CPU.ActiveCfg = Debug|Any CPU
		{ECB7545D-65FC-4092-BECE-C198E2F54C9F}.Debug|Any CPU.Build.0 = Debug|Any CPU
		{ECB7545D-65FC-4092-BECE-C198E2F54C9F}.Release|Any CPU.ActiveCfg = Release|Any CPU
		{ECB7545D-65FC-4092-BECE-C198E2F54C9F}.Release|Any CPU.Build.0 = Release|Any CPU
		{5087660D-C2C5-4E9A-8736-303D8660588F}.Debug|Any CPU.ActiveCfg = Debug|Any CPU
		{5087660D-C2C5-4E9A-8736-303D8660588F}.Debug|Any CPU.Build.0 = Debug|Any CPU
		{5087660D-C2C5-4E9A-8736-303D8660588F}.Release|Any CPU.ActiveCfg = Release|Any CPU
		{5087660D-C2C5-4E9A-8736-303D8660588F}.Release|Any CPU.Build.0 = Release|Any CPU
		{A295F537-8E8B-4BA5-BD5D-E49C01EF54A7}.Debug|Any CPU.ActiveCfg = Debug|Any CPU
		{A295F537-8E8B-4BA5-BD5D-E49C01EF54A7}.Debug|Any CPU.Build.0 = Debug|Any CPU
		{A295F537-8E8B-4BA5-BD5D-E49C01EF54A7}.Release|Any CPU.ActiveCfg = Release|Any CPU
		{A295F537-8E8B-4BA5-BD5D-E49C01EF54A7}.Release|Any CPU.Build.0 = Release|Any CPU
	EndGlobalSection
	GlobalSection(SolutionProperties) = preSolution
		HideSolutionNode = FALSE
	EndGlobalSection
	GlobalSection(ExtensibilityGlobals) = postSolution
		SolutionGuid = {EC593BFF-7FEA-47CE-85A0-0846FC335EF5}
	EndGlobalSection
EndGlobal
